// !$*UTF8*$!
{
	archiveVersion = 1;
	classes = {
	};
	objectVersion = 52;
	objects = {

/* Begin PBXBuildFile section */
		940FD9BF24B39F9400C0C813 /* AppDelegate.swift in Sources */ = {isa = PBXBuildFile; fileRef = 940FD9BE24B39F9400C0C813 /* AppDelegate.swift */; };
		940FD9C124B39F9400C0C813 /* ContentView.swift in Sources */ = {isa = PBXBuildFile; fileRef = 940FD9C024B39F9400C0C813 /* ContentView.swift */; };
		940FD9C324B39F9500C0C813 /* Assets.xcassets in Resources */ = {isa = PBXBuildFile; fileRef = 940FD9C224B39F9500C0C813 /* Assets.xcassets */; };
		940FD9C624B39F9500C0C813 /* Preview Assets.xcassets in Resources */ = {isa = PBXBuildFile; fileRef = 940FD9C524B39F9500C0C813 /* Preview Assets.xcassets */; };
		940FD9C924B39F9500C0C813 /* LaunchScreen.storyboard in Resources */ = {isa = PBXBuildFile; fileRef = 940FD9C724B39F9500C0C813 /* LaunchScreen.storyboard */; };
		940FD9D324B39FF200C0C813 /* Game in Frameworks */ = {isa = PBXBuildFile; productRef = 940FD9D224B39FF200C0C813 /* Game */; };
/* End PBXBuildFile section */

/* Begin PBXFileReference section */
		940FD9BB24B39F9400C0C813 /* TVBullsEye.app */ = {isa = PBXFileReference; explicitFileType = wrapper.application; includeInIndex = 0; path = TVBullsEye.app; sourceTree = BUILT_PRODUCTS_DIR; };
		940FD9BE24B39F9400C0C813 /* AppDelegate.swift */ = {isa = PBXFileReference; lastKnownFileType = sourcecode.swift; path = AppDelegate.swift; sourceTree = "<group>"; };
		940FD9C024B39F9400C0C813 /* ContentView.swift */ = {isa = PBXFileReference; lastKnownFileType = sourcecode.swift; path = ContentView.swift; sourceTree = "<group>"; };
		940FD9C224B39F9500C0C813 /* Assets.xcassets */ = {isa = PBXFileReference; lastKnownFileType = folder.assetcatalog; path = Assets.xcassets; sourceTree = "<group>"; };
		940FD9C524B39F9500C0C813 /* Preview Assets.xcassets */ = {isa = PBXFileReference; lastKnownFileType = folder.assetcatalog; path = "Preview Assets.xcassets"; sourceTree = "<group>"; };
		940FD9C824B39F9500C0C813 /* Base */ = {isa = PBXFileReference; lastKnownFileType = file.storyboard; name = Base; path = Base.lproj/LaunchScreen.storyboard; sourceTree = "<group>"; };
		940FD9CA24B39F9500C0C813 /* Info.plist */ = {isa = PBXFileReference; lastKnownFileType = text.plist.xml; path = Info.plist; sourceTree = "<group>"; };
		940FD9D024B39FC800C0C813 /* Game */ = {isa = PBXFileReference; lastKnownFileType = folder; name = Game; path = ../BullsEyePlus/Packages/Game; sourceTree = "<group>"; };
/* End PBXFileReference section */

/* Begin PBXFrameworksBuildPhase section */
		940FD9B824B39F9400C0C813 /* Frameworks */ = {
			isa = PBXFrameworksBuildPhase;
			buildActionMask = 2147483647;
			files = (
				940FD9D324B39FF200C0C813 /* Game in Frameworks */,
			);
			runOnlyForDeploymentPostprocessing = 0;
		};
/* End PBXFrameworksBuildPhase section */

/* Begin PBXGroup section */
		940FD9B224B39F9400C0C813 = {
			isa = PBXGroup;
			children = (
				940FD9D024B39FC800C0C813 /* Game */,
				940FD9BD24B39F9400C0C813 /* TVBullsEye */,
				940FD9BC24B39F9400C0C813 /* Products */,
				940FD9D124B39FF200C0C813 /* Frameworks */,
			);
			sourceTree = "<group>";
		};
		940FD9BC24B39F9400C0C813 /* Products */ = {
			isa = PBXGroup;
			children = (
				940FD9BB24B39F9400C0C813 /* TVBullsEye.app */,
			);
			name = Products;
			sourceTree = "<group>";
		};
		940FD9BD24B39F9400C0C813 /* TVBullsEye */ = {
			isa = PBXGroup;
			children = (
				940FD9BE24B39F9400C0C813 /* AppDelegate.swift */,
				940FD9C024B39F9400C0C813 /* ContentView.swift */,
				940FD9C224B39F9500C0C813 /* Assets.xcassets */,
				940FD9C724B39F9500C0C813 /* LaunchScreen.storyboard */,
				940FD9CA24B39F9500C0C813 /* Info.plist */,
				940FD9C424B39F9500C0C813 /* Preview Content */,
			);
			path = TVBullsEye;
			sourceTree = "<group>";
		};
		940FD9C424B39F9500C0C813 /* Preview Content */ = {
			isa = PBXGroup;
			children = (
				940FD9C524B39F9500C0C813 /* Preview Assets.xcassets */,
			);
			path = "Preview Content";
			sourceTree = "<group>";
		};
		940FD9D124B39FF200C0C813 /* Frameworks */ = {
			isa = PBXGroup;
			children = (
			);
			name = Frameworks;
			sourceTree = "<group>";
		};
/* End PBXGroup section */

/* Begin PBXNativeTarget section */
		940FD9BA24B39F9400C0C813 /* TVBullsEye */ = {
			isa = PBXNativeTarget;
			buildConfigurationList = 940FD9CD24B39F9500C0C813 /* Build configuration list for PBXNativeTarget "TVBullsEye" */;
			buildPhases = (
				940FD9B724B39F9400C0C813 /* Sources */,
				940FD9B824B39F9400C0C813 /* Frameworks */,
				940FD9B924B39F9400C0C813 /* Resources */,
			);
			buildRules = (
			);
			dependencies = (
			);
			name = TVBullsEye;
			packageProductDependencies = (
				940FD9D224B39FF200C0C813 /* Game */,
			);
			productName = TVBullsEye;
			productReference = 940FD9BB24B39F9400C0C813 /* TVBullsEye.app */;
			productType = "com.apple.product-type.application";
		};
/* End PBXNativeTarget section */

/* Begin PBXProject section */
		940FD9B324B39F9400C0C813 /* Project object */ = {
			isa = PBXProject;
			attributes = {
				LastSwiftUpdateCheck = 1150;
				LastUpgradeCheck = 1150;
				ORGANIZATIONNAME = "Ryan Spishock";
				TargetAttributes = {
					940FD9BA24B39F9400C0C813 = {
						CreatedOnToolsVersion = 11.5;
					};
				};
			};
			buildConfigurationList = 940FD9B624B39F9400C0C813 /* Build configuration list for PBXProject "TVBullsEye" */;
			compatibilityVersion = "Xcode 9.3";
			developmentRegion = en;
			hasScannedForEncodings = 0;
			knownRegions = (
				en,
				Base,
			);
			mainGroup = 940FD9B224B39F9400C0C813;
			productRefGroup = 940FD9BC24B39F9400C0C813 /* Products */;
			projectDirPath = "";
			projectRoot = "";
			targets = (
				940FD9BA24B39F9400C0C813 /* TVBullsEye */,
			);
		};
/* End PBXProject section */

/* Begin PBXResourcesBuildPhase section */
		940FD9B924B39F9400C0C813 /* Resources */ = {
			isa = PBXResourcesBuildPhase;
			buildActionMask = 2147483647;
			files = (
				940FD9C924B39F9500C0C813 /* LaunchScreen.storyboard in Resources */,
				940FD9C624B39F9500C0C813 /* Preview Assets.xcassets in Resources */,
				940FD9C324B39F9500C0C813 /* Assets.xcassets in Resources */,
			);
			runOnlyForDeploymentPostprocessing = 0;
		};
/* End PBXResourcesBuildPhase section */

/* Begin PBXSourcesBuildPhase section */
		940FD9B724B39F9400C0C813 /* Sources */ = {
			isa = PBXSourcesBuildPhase;
			buildActionMask = 2147483647;
			files = (
				940FD9C124B39F9400C0C813 /* ContentView.swift in Sources */,
				940FD9BF24B39F9400C0C813 /* AppDelegate.swift in Sources */,
			);
			runOnlyForDeploymentPostprocessing = 0;
		};
/* End PBXSourcesBuildPhase section */

/* Begin PBXVariantGroup section */
		940FD9C724B39F9500C0C813 /* LaunchScreen.storyboard */ = {
			isa = PBXVariantGroup;
			children = (
				940FD9C824B39F9500C0C813 /* Base */,
			);
			name = LaunchScreen.storyboard;
			sourceTree = "<group>";
		};
/* End PBXVariantGroup section */

/* Begin XCBuildConfiguration section */
		940FD9CB24B39F9500C0C813 /* Debug */ = {
			isa = XCBuildConfiguration;
			buildSettings = {
				ALWAYS_SEARCH_USER_PATHS = NO;
				CLANG_ANALYZER_NONNULL = YES;
				CLANG_ANALYZER_NUMBER_OBJECT_CONVERSION = YES_AGGRESSIVE;
				CLANG_CXX_LANGUAGE_STANDARD = "gnu++14";
				CLANG_CXX_LIBRARY = "libc++";
				CLANG_ENABLE_MODULES = YES;
				CLANG_ENABLE_OBJC_ARC = YES;
				CLANG_ENABLE_OBJC_WEAK = YES;
				CLANG_WARN_BLOCK_CAPTURE_AUTORELEASING = YES;
				CLANG_WARN_BOOL_CONVERSION = YES;
				CLANG_WARN_COMMA = YES;
				CLANG_WARN_CONSTANT_CONVERSION = YES;
				CLANG_WARN_DEPRECATED_OBJC_IMPLEMENTATIONS = YES;
				CLANG_WARN_DIRECT_OBJC_ISA_USAGE = YES_ERROR;
				CLANG_WARN_DOCUMENTATION_COMMENTS = YES;
				CLANG_WARN_EMPTY_BODY = YES;
				CLANG_WARN_ENUM_CONVERSION = YES;
				CLANG_WARN_INFINITE_RECURSION = YES;
				CLANG_WARN_INT_CONVERSION = YES;
				CLANG_WARN_NON_LITERAL_NULL_CONVERSION = YES;
				CLANG_WARN_OBJC_IMPLICIT_RETAIN_SELF = YES;
				CLANG_WARN_OBJC_LITERAL_CONVERSION = YES;
				CLANG_WARN_OBJC_ROOT_CLASS = YES_ERROR;
				CLANG_WARN_RANGE_LOOP_ANALYSIS = YES;
				CLANG_WARN_STRICT_PROTOTYPES = YES;
				CLANG_WARN_SUSPICIOUS_MOVE = YES;
				CLANG_WARN_UNGUARDED_AVAILABILITY = YES_AGGRESSIVE;
				CLANG_WARN_UNREACHABLE_CODE = YES;
				CLANG_WARN__DUPLICATE_METHOD_MATCH = YES;
				COPY_PHASE_STRIP = NO;
				DEBUG_INFORMATION_FORMAT = dwarf;
				ENABLE_STRICT_OBJC_MSGSEND = YES;
				ENABLE_TESTABILITY = YES;
				GCC_C_LANGUAGE_STANDARD = gnu11;
				GCC_DYNAMIC_NO_PIC = NO;
				GCC_NO_COMMON_BLOCKS = YES;
				GCC_OPTIMIZATION_LEVEL = 0;
				GCC_PREPROCESSOR_DEFINITIONS = (
					"DEBUG=1",
					"$(inherited)",
				);
				GCC_WARN_64_TO_32_BIT_CONVERSION = YES;
				GCC_WARN_ABOUT_RETURN_TYPE = YES_ERROR;
				GCC_WARN_UNDECLARED_SELECTOR = YES;
				GCC_WARN_UNINITIALIZED_AUTOS = YES_AGGRESSIVE;
				GCC_WARN_UNUSED_FUNCTION = YES;
				GCC_WARN_UNUSED_VARIABLE = YES;
				MTL_ENABLE_DEBUG_INFO = INCLUDE_SOURCE;
				MTL_FAST_MATH = YES;
				ONLY_ACTIVE_ARCH = YES;
				SDKROOT = appletvos;
				SWIFT_ACTIVE_COMPILATION_CONDITIONS = DEBUG;
				SWIFT_OPTIMIZATION_LEVEL = "-Onone";
				TVOS_DEPLOYMENT_TARGET = 13.4;
			};
			name = Debug;
		};
		940FD9CC24B39F9500C0C813 /* Release */ = {
			isa = XCBuildConfiguration;
			buildSettings = {
				ALWAYS_SEARCH_USER_PATHS = NO;
				CLANG_ANALYZER_NONNULL = YES;
				CLANG_ANALYZER_NUMBER_OBJECT_CONVERSION = YES_AGGRESSIVE;
				CLANG_CXX_LANGUAGE_STANDARD = "gnu++14";
				CLANG_CXX_LIBRARY = "libc++";
				CLANG_ENABLE_MODULES = YES;
				CLANG_ENABLE_OBJC_ARC = YES;
				CLANG_ENABLE_OBJC_WEAK = YES;
				CLANG_WARN_BLOCK_CAPTURE_AUTORELEASING = YES;
				CLANG_WARN_BOOL_CONVERSION = YES;
				CLANG_WARN_COMMA = YES;
				CLANG_WARN_CONSTANT_CONVERSION = YES;
				CLANG_WARN_DEPRECATED_OBJC_IMPLEMENTATIONS = YES;
				CLANG_WARN_DIRECT_OBJC_ISA_USAGE = YES_ERROR;
				CLANG_WARN_DOCUMENTATION_COMMENTS = YES;
				CLANG_WARN_EMPTY_BODY = YES;
				CLANG_WARN_ENUM_CONVERSION = YES;
				CLANG_WARN_INFINITE_RECURSION = YES;
				CLANG_WARN_INT_CONVERSION = YES;
				CLANG_WARN_NON_LITERAL_NULL_CONVERSION = YES;
				CLANG_WARN_OBJC_IMPLICIT_RETAIN_SELF = YES;
				CLANG_WARN_OBJC_LITERAL_CONVERSION = YES;
				CLANG_WARN_OBJC_ROOT_CLASS = YES_ERROR;
				CLANG_WARN_RANGE_LOOP_ANALYSIS = YES;
				CLANG_WARN_STRICT_PROTOTYPES = YES;
				CLANG_WARN_SUSPICIOUS_MOVE = YES;
				CLANG_WARN_UNGUARDED_AVAILABILITY = YES_AGGRESSIVE;
				CLANG_WARN_UNREACHABLE_CODE = YES;
				CLANG_WARN__DUPLICATE_METHOD_MATCH = YES;
				COPY_PHASE_STRIP = NO;
				DEBUG_INFORMATION_FORMAT = "dwarf-with-dsym";
				ENABLE_NS_ASSERTIONS = NO;
				ENABLE_STRICT_OBJC_MSGSEND = YES;
				GCC_C_LANGUAGE_STANDARD = gnu11;
				GCC_NO_COMMON_BLOCKS = YES;
				GCC_WARN_64_TO_32_BIT_CONVERSION = YES;
				GCC_WARN_ABOUT_RETURN_TYPE = YES_ERROR;
				GCC_WARN_UNDECLARED_SELECTOR = YES;
				GCC_WARN_UNINITIALIZED_AUTOS = YES_AGGRESSIVE;
				GCC_WARN_UNUSED_FUNCTION = YES;
				GCC_WARN_UNUSED_VARIABLE = YES;
				MTL_ENABLE_DEBUG_INFO = NO;
				MTL_FAST_MATH = YES;
				SDKROOT = appletvos;
				SWIFT_COMPILATION_MODE = wholemodule;
				SWIFT_OPTIMIZATION_LEVEL = "-O";
				TVOS_DEPLOYMENT_TARGET = 13.4;
				VALIDATE_PRODUCT = YES;
			};
			name = Release;
		};
		940FD9CE24B39F9500C0C813 /* Debug */ = {
			isa = XCBuildConfiguration;
			buildSettings = {
				ASSETCATALOG_COMPILER_APPICON_NAME = "App Icon & Top Shelf Image";
				CODE_SIGN_STYLE = Automatic;
				DEVELOPMENT_ASSET_PATHS = "\"TVBullsEye/Preview Content\"";
				DEVELOPMENT_TEAM = 8X9PAUM4Y5;
				ENABLE_PREVIEWS = YES;
				INFOPLIST_FILE = TVBullsEye/Info.plist;
				LD_RUNPATH_SEARCH_PATHS = (
					"$(inherited)",
					"@executable_path/Frameworks",
				);
				PRODUCT_BUNDLE_IDENTIFIER = com.ryanspishock.TVBullsEye;
				PRODUCT_NAME = "$(TARGET_NAME)";
				SWIFT_VERSION = 5.0;
				TARGETED_DEVICE_FAMILY = 3;
			};
			name = Debug;
		};
		940FD9CF24B39F9500C0C813 /* Release */ = {
			isa = XCBuildConfiguration;
			buildSettings = {
				ASSETCATALOG_COMPILER_APPICON_NAME = "App Icon & Top Shelf Image";
				CODE_SIGN_STYLE = Automatic;
				DEVELOPMENT_ASSET_PATHS = "\"TVBullsEye/Preview Content\"";
				DEVELOPMENT_TEAM = 8X9PAUM4Y5;
				ENABLE_PREVIEWS = YES;
				INFOPLIST_FILE = TVBullsEye/Info.plist;
				LD_RUNPATH_SEARCH_PATHS = (
					"$(inherited)",
					"@executable_path/Frameworks",
				);
				PRODUCT_BUNDLE_IDENTIFIER = com.ryanspishock.TVBullsEye;
				PRODUCT_NAME = "$(TARGET_NAME)";
				SWIFT_VERSION = 5.0;
				TARGETED_DEVICE_FAMILY = 3;
			};
			name = Release;
		};
/* End XCBuildConfiguration section */

/* Begin XCConfigurationList section */
		940FD9B624B39F9400C0C813 /* Build configuration list for PBXProject "TVBullsEye" */ = {
			isa = XCConfigurationList;
			buildConfigurations = (
				940FD9CB24B39F9500C0C813 /* Debug */,
				940FD9CC24B39F9500C0C813 /* Release */,
			);
			defaultConfigurationIsVisible = 0;
			defaultConfigurationName = Release;
		};
		940FD9CD24B39F9500C0C813 /* Build configuration list for PBXNativeTarget "TVBullsEye" */ = {
			isa = XCConfigurationList;
			buildConfigurations = (
				940FD9CE24B39F9500C0C813 /* Debug */,
				940FD9CF24B39F9500C0C813 /* Release */,
			);
			defaultConfigurationIsVisible = 0;
			defaultConfigurationName = Release;
		};
/* End XCConfigurationList section */

/* Begin XCSwiftPackageProductDependency section */
		940FD9D224B39FF200C0C813 /* Game */ = {
			isa = XCSwiftPackageProductDependency;
			productName = Game;
		};
/* End XCSwiftPackageProductDependency section */
	};
	rootObject = 940FD9B324B39F9400C0C813 /* Project object */;
}
